
Microsoft Visual Studio Solution File, Format Version 12.00
# Visual Studio 15
VisualStudioVersion = 15.0.27428.2043
MinimumVisualStudioVersion = 10.0.40219.1
Project("{FAE04EC0-301F-11D3-BF4B-00C04F79EFBC}") = "TimerDemo", "TimerDemo\TimerDemo.csproj", "{F318BE26-519A-4D98-AF2A-3DC507B21681}"
EndProject
Global
	GlobalSection(SolutionConfigurationPlatforms) = preSolution
		Debug|Any CPU = Debug|Any CPU
		Release|Any CPU = Release|Any CPU
	EndGlobalSection
	GlobalSection(ProjectConfigurationPlatforms) = postSolution
		{F318BE26-519A-4D98-AF2A-3DC507B21681}.Debug|Any CPU.ActiveCfg = Debug|Any CPU
		{F318BE26-519A-4D98-AF2A-3DC507B21681}.Debug|Any CPU.Build.0 = Debug|Any CPU
		{F318BE26-519A-4D98-AF2A-3DC507B21681}.Release|Any CPU.ActiveCfg = Release|Any CPU
		{F318BE26-519A-4D98-AF2A-3DC507B21681}.Release|Any CPU.Build.0 = Release|Any CPU
	EndGlobalSection
	GlobalSection(SolutionProperties) = preSolution
		HideSolutionNode = FALSE
	EndGlobalSection
	GlobalSection(ExtensibilityGlobals) = postSolution
		SolutionGuid = {26D3AB23-7E3C-452C-94C5-260C22486F4C}
	EndGlobalSection
EndGlobal
